
Microsoft Visual Studio Solution File, Format Version 12.00
# Visual Studio Version 16
VisualStudioVersion = 16.0.29215.179
MinimumVisualStudioVersion = 10.0.40219.1
Project("{8BC9CEB8-8B4A-11D0-8D11-00A0C91BC942}") = "MatrixOnVectorMultiplication", "MatrixOnVectorMultiplication.vcxproj", "{7A6760B5-D7F7-417E-9137-203D0942513F}"
EndProject
Global
	GlobalSection(SolutionConfigurationPlatforms) = preSolution
		Debug|x64 = Debug|x64
		Release|x64 = Release|x64
	EndGlobalSection
	GlobalSection(ProjectConfigurationPlatforms) = postSolution
		{7A6760B5-D7F7-417E-9137-203D0942513F}.Debug|x64.ActiveCfg = Debug|x64
		{7A6760B5-D7F7-417E-9137-203D0942513F}.Debug|x64.Build.0 = Debug|x64
		{7A6760B5-D7F7-417E-9137-203D0942513F}.Release|x64.ActiveCfg = Release|x64
		{7A6760B5-D7F7-417E-9137-203D0942513F}.Release|x64.Build.0 = Release|x64
	EndGlobalSection
	GlobalSection(SolutionProperties) = preSolution
		HideSolutionNode = FALSE
	EndGlobalSection
	GlobalSection(ExtensibilityGlobals) = postSolution
		SolutionGuid = {075F8512-A1A4-4C31-82EB-ACA63FDCFB78}
	EndGlobalSection
EndGlobal
